// !$*UTF8*$!
{
	archiveVersion = 1;
	classes = {
	};
	objectVersion = 46;
	objects = {

/* Begin PBXBuildFile section */
		68653BDA1D487C3300C08171 /* main.m in Sources */ = {isa = PBXBuildFile; fileRef = 68653BD91D487C3300C08171 /* main.m */; };
		68653BDD1D487C3300C08171 /* AppDelegate.m in Sources */ = {isa = PBXBuildFile; fileRef = 68653BDC1D487C3300C08171 /* AppDelegate.m */; };
		68653BE31D487C3300C08171 /* Main.storyboard in Resources */ = {isa = PBXBuildFile; fileRef = 68653BE11D487C3300C08171 /* Main.storyboard */; };
		68653BE51D487C3300C08171 /* Assets.xcassets in Resources */ = {isa = PBXBuildFile; fileRef = 68653BE41D487C3300C08171 /* Assets.xcassets */; };
		68653BE81D487C3300C08171 /* LaunchScreen.storyboard in Resources */ = {isa = PBXBuildFile; fileRef = 68653BE61D487C3300C08171 /* LaunchScreen.storyboard */; };
		68653BF41D487C4900C08171 /* CHAlertView.m in Sources */ = {isa = PBXBuildFile; fileRef = 68653BF11D487C4900C08171 /* CHAlertView.m */; };
		68653BF51D487C4900C08171 /* NSObject+CHAlert.m in Sources */ = {isa = PBXBuildFile; fileRef = 68653BF31D487C4900C08171 /* NSObject+CHAlert.m */; };
		68653C011D48804400C08171 /* CHViewController.m in Sources */ = {isa = PBXBuildFile; fileRef = 68653C001D48804400C08171 /* CHViewController.m */; };
/* End PBXBuildFile section */

/* Begin PBXFileReference section */
		68653BD51D487C3300C08171 /* CHAlertView.app */ = {isa = PBXFileReference; explicitFileType = wrapper.application; includeInIndex = 0; path = CHAlertView.app; sourceTree = BUILT_PRODUCTS_DIR; };
		68653BD91D487C3300C08171 /* main.m */ = {isa = PBXFileReference; lastKnownFileType = sourcecode.c.objc; path = main.m; sourceTree = "<group>"; };
		68653BDB1D487C3300C08171 /* AppDelegate.h */ = {isa = PBXFileReference; lastKnownFileType = sourcecode.c.h; path = AppDelegate.h; sourceTree = "<group>"; };
		68653BDC1D487C3300C08171 /* AppDelegate.m */ = {isa = PBXFileReference; lastKnownFileType = sourcecode.c.objc; path = AppDelegate.m; sourceTree = "<group>"; };
		68653BE21D487C3300C08171 /* Base */ = {isa = PBXFileReference; lastKnownFileType = file.storyboard; name = Base; path = Base.lproj/Main.storyboard; sourceTree = "<group>"; };
		68653BE41D487C3300C08171 /* Assets.xcassets */ = {isa = PBXFileReference; lastKnownFileType = folder.assetcatalog; path = Assets.xcassets; sourceTree = "<group>"; };
		68653BE71D487C3300C08171 /* Base */ = {isa = PBXFileReference; lastKnownFileType = file.storyboard; name = Base; path = Base.lproj/LaunchScreen.storyboard; sourceTree = "<group>"; };
		68653BE91D487C3300C08171 /* Info.plist */ = {isa = PBXFileReference; lastKnownFileType = text.plist.xml; path = Info.plist; sourceTree = "<group>"; };
		68653BF01D487C4900C08171 /* CHAlertView.h */ = {isa = PBXFileReference; fileEncoding = 4; lastKnownFileType = sourcecode.c.h; path = CHAlertView.h; sourceTree = "<group>"; };
		68653BF11D487C4900C08171 /* CHAlertView.m */ = {isa = PBXFileReference; fileEncoding = 4; lastKnownFileType = sourcecode.c.objc; path = CHAlertView.m; sourceTree = "<group>"; };
		68653BF21D487C4900C08171 /* NSObject+CHAlert.h */ = {isa = PBXFileReference; fileEncoding = 4; lastKnownFileType = sourcecode.c.h; path = "NSObject+CHAlert.h"; sourceTree = "<group>"; };
		68653BF31D487C4900C08171 /* NSObject+CHAlert.m */ = {isa = PBXFileReference; fileEncoding = 4; lastKnownFileType = sourcecode.c.objc; path = "NSObject+CHAlert.m"; sourceTree = "<group>"; };
		68653BFF1D48804400C08171 /* CHViewController.h */ = {isa = PBXFileReference; fileEncoding = 4; lastKnownFileType = sourcecode.c.h; path = CHViewController.h; sourceTree = "<group>"; };
		68653C001D48804400C08171 /* CHViewController.m */ = {isa = PBXFileReference; fileEncoding = 4; lastKnownFileType = sourcecode.c.objc; path = CHViewController.m; sourceTree = "<group>"; };
/* End PBXFileReference section */

/* Begin PBXFrameworksBuildPhase section */
		68653BD21D487C3300C08171 /* Frameworks */ = {
			isa = PBXFrameworksBuildPhase;
			buildActionMask = 2147483647;
			files = (
			);
			runOnlyForDeploymentPostprocessing = 0;
		};
/* End PBXFrameworksBuildPhase section */

/* Begin PBXGroup section */
		68653BCC1D487C3300C08171 = {
			isa = PBXGroup;
			children = (
				68653BD71D487C3300C08171 /* CHAlertView */,
				68653BD61D487C3300C08171 /* Products */,
			);
			sourceTree = "<group>";
		};
		68653BD61D487C3300C08171 /* Products */ = {
			isa = PBXGroup;
			children = (
				68653BD51D487C3300C08171 /* CHAlertView.app */,
			);
			name = Products;
			sourceTree = "<group>";
		};
		68653BD71D487C3300C08171 /* CHAlertView */ = {
			isa = PBXGroup;
			children = (
				68653BEF1D487C4900C08171 /* CHAlertView */,
				68653BDB1D487C3300C08171 /* AppDelegate.h */,
				68653BDC1D487C3300C08171 /* AppDelegate.m */,
				68653BFF1D48804400C08171 /* CHViewController.h */,
				68653C001D48804400C08171 /* CHViewController.m */,
				68653BE11D487C3300C08171 /* Main.storyboard */,
				68653BE41D487C3300C08171 /* Assets.xcassets */,
				68653BE61D487C3300C08171 /* LaunchScreen.storyboard */,
				68653BE91D487C3300C08171 /* Info.plist */,
				68653BD81D487C3300C08171 /* Supporting Files */,
			);
			path = CHAlertView;
			sourceTree = "<group>";
		};
		68653BD81D487C3300C08171 /* Supporting Files */ = {
			isa = PBXGroup;
			children = (
				68653BD91D487C3300C08171 /* main.m */,
			);
			name = "Supporting Files";
			sourceTree = "<group>";
		};
		68653BEF1D487C4900C08171 /* CHAlertView */ = {
			isa = PBXGroup;
			children = (
				68653BF01D487C4900C08171 /* CHAlertView.h */,
				68653BF11D487C4900C08171 /* CHAlertView.m */,
				68653BF21D487C4900C08171 /* NSObject+CHAlert.h */,
				68653BF31D487C4900C08171 /* NSObject+CHAlert.m */,
			);
			path = CHAlertView;
			sourceTree = "<group>";
		};
/* End PBXGroup section */

/* Begin PBXNativeTarget section */
		68653BD41D487C3300C08171 /* CHAlertView */ = {
			isa = PBXNativeTarget;
			buildConfigurationList = 68653BEC1D487C3300C08171 /* Build configuration list for PBXNativeTarget "CHAlertView" */;
			buildPhases = (
				68653BD11D487C3300C08171 /* Sources */,
				68653BD21D487C3300C08171 /* Frameworks */,
				68653BD31D487C3300C08171 /* Resources */,
			);
			buildRules = (
			);
			dependencies = (
			);
			name = CHAlertView;
			productName = CHAlertView;
			productReference = 68653BD51D487C3300C08171 /* CHAlertView.app */;
			productType = "com.apple.product-type.application";
		};
/* End PBXNativeTarget section */

/* Begin PBXProject section */
		68653BCD1D487C3300C08171 /* Project object */ = {
			isa = PBXProject;
			attributes = {
				LastUpgradeCheck = 0730;
				ORGANIZATIONNAME = Gjt;
				TargetAttributes = {
					68653BD41D487C3300C08171 = {
						CreatedOnToolsVersion = 7.3.1;
					};
				};
			};
			buildConfigurationList = 68653BD01D487C3300C08171 /* Build configuration list for PBXProject "CHAlertView" */;
			compatibilityVersion = "Xcode 3.2";
			developmentRegion = English;
			hasScannedForEncodings = 0;
			knownRegions = (
				en,
				Base,
			);
			mainGroup = 68653BCC1D487C3300C08171;
			productRefGroup = 68653BD61D487C3300C08171 /* Products */;
			projectDirPath = "";
			projectRoot = "";
			targets = (
				68653BD41D487C3300C08171 /* CHAlertView */,
			);
		};
/* End PBXProject section */

/* Begin PBXResourcesBuildPhase section */
		68653BD31D487C3300C08171 /* Resources */ = {
			isa = PBXResourcesBuildPhase;
			buildActionMask = 2147483647;
			files = (
				68653BE81D487C3300C08171 /* LaunchScreen.storyboard in Resources */,
				68653BE51D487C3300C08171 /* Assets.xcassets in Resources */,
				68653BE31D487C3300C08171 /* Main.storyboard in Resources */,
			);
			runOnlyForDeploymentPostprocessing = 0;
		};
/* End PBXResourcesBuildPhase section */

/* Begin PBXSourcesBuildPhase section */
		68653BD11D487C3300C08171 /* Sources */ = {
			isa = PBXSourcesBuildPhase;
			buildActionMask = 2147483647;
			files = (
				68653C011D48804400C08171 /* CHViewController.m in Sources */,
				68653BDD1D487C3300C08171 /* AppDelegate.m in Sources */,
				68653BF41D487C4900C08171 /* CHAlertView.m in Sources */,
				68653BDA1D487C3300C08171 /* main.m in Sources */,
				68653BF51D487C4900C08171 /* NSObject+CHAlert.m in Sources */,
			);
			runOnlyForDeploymentPostprocessing = 0;
		};
/* End PBXSourcesBuildPhase section */

/* Begin PBXVariantGroup section */
		68653BE11D487C3300C08171 /* Main.storyboard */ = {
			isa = PBXVariantGroup;
			children = (
				68653BE21D487C3300C08171 /* Base */,
			);
			name = Main.storyboard;
			sourceTree = "<group>";
		};
		68653BE61D487C3300C08171 /* LaunchScreen.storyboard */ = {
			isa = PBXVariantGroup;
			children = (
				68653BE71D487C3300C08171 /* Base */,
			);
			name = LaunchScreen.storyboard;
			sourceTree = "<group>";
		};
/* End PBXVariantGroup section */

/* Begin XCBuildConfiguration section */
		68653BEA1D487C3300C08171 /* Debug */ = {
			isa = XCBuildConfiguration;
			buildSettings = {
				ALWAYS_SEARCH_USER_PATHS = NO;
				CLANG_ANALYZER_NONNULL = YES;
				CLANG_CXX_LANGUAGE_STANDARD = "gnu++0x";
				CLANG_CXX_LIBRARY = "libc++";
				CLANG_ENABLE_MODULES = YES;
				CLANG_ENABLE_OBJC_ARC = YES;
				CLANG_WARN_BOOL_CONVERSION = YES;
				CLANG_WARN_CONSTANT_CONVERSION = YES;
				CLANG_WARN_DIRECT_OBJC_ISA_USAGE = YES_ERROR;
				CLANG_WARN_EMPTY_BODY = YES;
				CLANG_WARN_ENUM_CONVERSION = YES;
				CLANG_WARN_INT_CONVERSION = YES;
				CLANG_WARN_OBJC_ROOT_CLASS = YES_ERROR;
				CLANG_WARN_UNREACHABLE_CODE = YES;
				CLANG_WARN__DUPLICATE_METHOD_MATCH = YES;
				"CODE_SIGN_IDENTITY[sdk=iphoneos*]" = "iPhone Developer";
				COPY_PHASE_STRIP = NO;
				DEBUG_INFORMATION_FORMAT = dwarf;
				ENABLE_STRICT_OBJC_MSGSEND = YES;
				ENABLE_TESTABILITY = YES;
				GCC_C_LANGUAGE_STANDARD = gnu99;
				GCC_DYNAMIC_NO_PIC = NO;
				GCC_NO_COMMON_BLOCKS = YES;
				GCC_OPTIMIZATION_LEVEL = 0;
				GCC_PREPROCESSOR_DEFINITIONS = (
					"DEBUG=1",
					"$(inherited)",
				);
				GCC_WARN_64_TO_32_BIT_CONVERSION = YES;
				GCC_WARN_ABOUT_RETURN_TYPE = YES_ERROR;
				GCC_WARN_UNDECLARED_SELECTOR = YES;
				GCC_WARN_UNINITIALIZED_AUTOS = YES_AGGRESSIVE;
				GCC_WARN_UNUSED_FUNCTION = YES;
				GCC_WARN_UNUSED_VARIABLE = YES;
				IPHONEOS_DEPLOYMENT_TARGET = 9.3;
				MTL_ENABLE_DEBUG_INFO = YES;
				ONLY_ACTIVE_ARCH = YES;
				SDKROOT = iphoneos;
				TARGETED_DEVICE_FAMILY = "1,2";
			};
			name = Debug;
		};
		68653BEB1D487C3300C08171 /* Release */ = {
			isa = XCBuildConfiguration;
			buildSettings = {
				ALWAYS_SEARCH_USER_PATHS = NO;
				CLANG_ANALYZER_NONNULL = YES;
				CLANG_CXX_LANGUAGE_STANDARD = "gnu++0x";
				CLANG_CXX_LIBRARY = "libc++";
				CLANG_ENABLE_MODULES = YES;
				CLANG_ENABLE_OBJC_ARC = YES;
				CLANG_WARN_BOOL_CONVERSION = YES;
				CLANG_WARN_CONSTANT_CONVERSION = YES;
				CLANG_WARN_DIRECT_OBJC_ISA_USAGE = YES_ERROR;
				CLANG_WARN_EMPTY_BODY = YES;
				CLANG_WARN_ENUM_CONVERSION = YES;
				CLANG_WARN_INT_CONVERSION = YES;
				CLANG_WARN_OBJC_ROOT_CLASS = YES_ERROR;
				CLANG_WARN_UNREACHABLE_CODE = YES;
				CLANG_WARN__DUPLICATE_METHOD_MATCH = YES;
				"CODE_SIGN_IDENTITY[sdk=iphoneos*]" = "iPhone Developer";
				COPY_PHASE_STRIP = NO;
				DEBUG_INFORMATION_FORMAT = "dwarf-with-dsym";
				ENABLE_NS_ASSERTIONS = NO;
				ENABLE_STRICT_OBJC_MSGSEND = YES;
				GCC_C_LANGUAGE_STANDARD = gnu99;
				GCC_NO_COMMON_BLOCKS = YES;
				GCC_WARN_64_TO_32_BIT_CONVERSION = YES;
				GCC_WARN_ABOUT_RETURN_TYPE = YES_ERROR;
				GCC_WARN_UNDECLARED_SELECTOR = YES;
				GCC_WARN_UNINITIALIZED_AUTOS = YES_AGGRESSIVE;
				GCC_WARN_UNUSED_FUNCTION = YES;
				GCC_WARN_UNUSED_VARIABLE = YES;
				IPHONEOS_DEPLOYMENT_TARGET = 9.3;
				MTL_ENABLE_DEBUG_INFO = NO;
				SDKROOT = iphoneos;
				TARGETED_DEVICE_FAMILY = "1,2";
				VALIDATE_PRODUCT = YES;
			};
			name = Release;
		};
		68653BED1D487C3300C08171 /* Debug */ = {
			isa = XCBuildConfiguration;
			buildSettings = {
				ASSETCATALOG_COMPILER_APPICON_NAME = AppIcon;
				INFOPLIST_FILE = CHAlertView/Info.plist;
				IPHONEOS_DEPLOYMENT_TARGET = 7.0;
				LD_RUNPATH_SEARCH_PATHS = "$(inherited) @executable_path/Frameworks";
				PRODUCT_BUNDLE_IDENTIFIER = sudao.com.CHAlertView;
				PRODUCT_NAME = "$(TARGET_NAME)";
			};
			name = Debug;
		};
		68653BEE1D487C3300C08171 /* Release */ = {
			isa = XCBuildConfiguration;
			buildSettings = {
				ASSETCATALOG_COMPILER_APPICON_NAME = AppIcon;
				INFOPLIST_FILE = CHAlertView/Info.plist;
				IPHONEOS_DEPLOYMENT_TARGET = 7.0;
				LD_RUNPATH_SEARCH_PATHS = "$(inherited) @executable_path/Frameworks";
				PRODUCT_BUNDLE_IDENTIFIER = sudao.com.CHAlertView;
				PRODUCT_NAME = "$(TARGET_NAME)";
			};
			name = Release;
		};
/* End XCBuildConfiguration section */

/* Begin XCConfigurationList section */
		68653BD01D487C3300C08171 /* Build configuration list for PBXProject "CHAlertView" */ = {
			isa = XCConfigurationList;
			buildConfigurations = (
				68653BEA1D487C3300C08171 /* Debug */,
				68653BEB1D487C3300C08171 /* Release */,
			);
			defaultConfigurationIsVisible = 0;
			defaultConfigurationName = Release;
		};
		68653BEC1D487C3300C08171 /* Build configuration list for PBXNativeTarget "CHAlertView" */ = {
			isa = XCConfigurationList;
			buildConfigurations = (
				68653BED1D487C3300C08171 /* Debug */,
				68653BEE1D487C3300C08171 /* Release */,
			);
			defaultConfigurationIsVisible = 0;
			defaultConfigurationName = Release;
		};
/* End XCConfigurationList section */
	};
	rootObject = 68653BCD1D487C3300C08171 /* Project object */;
}
